
Microsoft Visual Studio Solution File, Format Version 12.00
# Visual Studio Version 17
VisualStudioVersion = 17.14.36408.4
MinimumVisualStudioVersion = 10.0.40219.1
Project("{FAE04EC0-301F-11D3-BF4B-00C04F79EFBC}") = "BootCoupon", "BootCoupon\BootCoupon.csproj", "{1221F42C-234F-4E2E-A067-8647E1067FBE}"
EndProject
Project("{FAE04EC0-301F-11D3-BF4B-00C04F79EFBC}") = "CouponManagement.Shared", "CouponManagement.Shared\CouponManagement.Shared.csproj", "{7E22382D-A003-4A61-B562-B330CE1BCC5C}"
EndProject
Project("{FAE04EC0-301F-11D3-BF4B-00C04F79EFBC}") = "CouponManagement.Standalone", "CouponManagement.Standalone\CouponManagement.Standalone.csproj", "{3928C31D-E9AC-4498-86FC-E7A899CE9F59}"
EndProject
Project("{FAE04EC0-301F-11D3-BF4B-00C04F79EFBC}") = "CouponManagement", "CouponManagement\CouponManagement.csproj", "{1A524037-5A23-4A58-9E30-24709C3B1851}"
EndProject
Global
	GlobalSection(SolutionConfigurationPlatforms) = preSolution
		Debug|Any CPU = Debug|Any CPU
		Debug|ARM64 = Debug|ARM64
		Debug|x64 = Debug|x64
		Debug|x86 = Debug|x86
		Release|Any CPU = Release|Any CPU
		Release|ARM64 = Release|ARM64
		Release|x64 = Release|x64
		Release|x86 = Release|x86
	EndGlobalSection
	GlobalSection(ProjectConfigurationPlatforms) = postSolution
		{1221F42C-234F-4E2E-A067-8647E1067FBE}.Debug|Any CPU.ActiveCfg = Debug|x64
		{1221F42C-234F-4E2E-A067-8647E1067FBE}.Debug|Any CPU.Build.0 = Debug|x64
		{1221F42C-234F-4E2E-A067-8647E1067FBE}.Debug|Any CPU.Deploy.0 = Debug|x64
		{1221F42C-234F-4E2E-A067-8647E1067FBE}.Debug|ARM64.ActiveCfg = Debug|ARM64
		{1221F42C-234F-4E2E-A067-8647E1067FBE}.Debug|ARM64.Build.0 = Debug|ARM64
		{1221F42C-234F-4E2E-A067-8647E1067FBE}.Debug|ARM64.Deploy.0 = Debug|ARM64
		{1221F42C-234F-4E2E-A067-8647E1067FBE}.Debug|x64.ActiveCfg = Debug|x64
		{1221F42C-234F-4E2E-A067-8647E1067FBE}.Debug|x64.Build.0 = Debug|x64
		{1221F42C-234F-4E2E-A067-8647E1067FBE}.Debug|x64.Deploy.0 = Debug|x64
		{1221F42C-234F-4E2E-A067-8647E1067FBE}.Debug|x86.ActiveCfg = Debug|x86
		{1221F42C-234F-4E2E-A067-8647E1067FBE}.Debug|x86.Build.0 = Debug|x86
		{1221F42C-234F-4E2E-A067-8647E1067FBE}.Debug|x86.Deploy.0 = Debug|x86
		{1221F42C-234F-4E2E-A067-8647E1067FBE}.Release|Any CPU.ActiveCfg = Release|Any CPU
		{1221F42C-234F-4E2E-A067-8647E1067FBE}.Release|Any CPU.Build.0 = Release|Any CPU
		{1221F42C-234F-4E2E-A067-8647E1067FBE}.Release|Any CPU.Deploy.0 = Release|Any CPU
		{1221F42C-234F-4E2E-A067-8647E1067FBE}.Release|ARM64.ActiveCfg = Release|ARM64
		{1221F42C-234F-4E2E-A067-8647E1067FBE}.Release|ARM64.Build.0 = Release|ARM64
		{1221F42C-234F-4E2E-A067-8647E1067FBE}.Release|ARM64.Deploy.0 = Release|ARM64
		{1221F42C-234F-4E2E-A067-8647E1067FBE}.Release|x64.ActiveCfg = Release|x64
		{1221F42C-234F-4E2E-A067-8647E1067FBE}.Release|x64.Build.0 = Release|x64
		{1221F42C-234F-4E2E-A067-8647E1067FBE}.Release|x64.Deploy.0 = Release|x64
		{1221F42C-234F-4E2E-A067-8647E1067FBE}.Release|x86.ActiveCfg = Release|x86
		{1221F42C-234F-4E2E-A067-8647E1067FBE}.Release|x86.Build.0 = Release|x86
		{1221F42C-234F-4E2E-A067-8647E1067FBE}.Release|x86.Deploy.0 = Release|x86
		{7E22382D-A003-4A61-B562-B330CE1BCC5C}.Debug|Any CPU.ActiveCfg = Debug|Any CPU
		{7E22382D-A003-4A61-B562-B330CE1BCC5C}.Debug|Any CPU.Build.0 = Debug|Any CPU
		{7E22382D-A003-4A61-B562-B330CE1BCC5C}.Debug|ARM64.ActiveCfg = Debug|Any CPU
		{7E22382D-A003-4A61-B562-B330CE1BCC5C}.Debug|ARM64.Build.0 = Debug|Any CPU
		{7E22382D-A003-4A61-B562-B330CE1BCC5C}.Debug|x64.ActiveCfg = Debug|Any CPU
		{7E22382D-A003-4A61-B562-B330CE1BCC5C}.Debug|x64.Build.0 = Debug|Any CPU
		{7E22382D-A003-4A61-B562-B330CE1BCC5C}.Debug|x86.ActiveCfg = Debug|Any CPU
		{7E22382D-A003-4A61-B562-B330CE1BCC5C}.Debug|x86.Build.0 = Debug|Any CPU
		{7E22382D-A003-4A61-B562-B330CE1BCC5C}.Release|Any CPU.ActiveCfg = Release|Any CPU
		{7E22382D-A003-4A61-B562-B330CE1BCC5C}.Release|Any CPU.Build.0 = Release|Any CPU
		{7E22382D-A003-4A61-B562-B330CE1BCC5C}.Release|ARM64.ActiveCfg = Release|Any CPU
		{7E22382D-A003-4A61-B562-B330CE1BCC5C}.Release|ARM64.Build.0 = Release|Any CPU
		{7E22382D-A003-4A61-B562-B330CE1BCC5C}.Release|x64.ActiveCfg = Release|Any CPU
		{7E22382D-A003-4A61-B562-B330CE1BCC5C}.Release|x64.Build.0 = Release|Any CPU
		{7E22382D-A003-4A61-B562-B330CE1BCC5C}.Release|x86.ActiveCfg = Release|Any CPU
		{7E22382D-A003-4A61-B562-B330CE1BCC5C}.Release|x86.Build.0 = Release|Any CPU
		{3928C31D-E9AC-4498-86FC-E7A899CE9F59}.Debug|Any CPU.ActiveCfg = Debug|x64
		{3928C31D-E9AC-4498-86FC-E7A899CE9F59}.Debug|Any CPU.Build.0 = Debug|x64
		{3928C31D-E9AC-4498-86FC-E7A899CE9F59}.Debug|Any CPU.Deploy.0 = Debug|x64
		{3928C31D-E9AC-4498-86FC-E7A899CE9F59}.Debug|ARM64.ActiveCfg = Debug|ARM64
		{3928C31D-E9AC-4498-86FC-E7A899CE9F59}.Debug|ARM64.Build.0 = Debug|ARM64
		{3928C31D-E9AC-4498-86FC-E7A899CE9F59}.Debug|ARM64.Deploy.0 = Debug|ARM64
		{3928C31D-E9AC-4498-86FC-E7A899CE9F59}.Debug|x64.ActiveCfg = Debug|x64
		{3928C31D-E9AC-4498-86FC-E7A899CE9F59}.Debug|x64.Build.0 = Debug|x64
		{3928C31D-E9AC-4498-86FC-E7A899CE9F59}.Debug|x64.Deploy.0 = Debug|x64
		{3928C31D-E9AC-4498-86FC-E7A899CE9F59}.Debug|x86.ActiveCfg = Debug|x86
		{3928C31D-E9AC-4498-86FC-E7A899CE9F59}.Debug|x86.Build.0 = Debug|x86
		{3928C31D-E9AC-4498-86FC-E7A899CE9F59}.Debug|x86.Deploy.0 = Debug|x86
		{3928C31D-E9AC-4498-86FC-E7A899CE9F59}.Release|Any CPU.ActiveCfg = Release|x64
		{3928C31D-E9AC-4498-86FC-E7A899CE9F59}.Release|Any CPU.Build.0 = Release|x64
		{3928C31D-E9AC-4498-86FC-E7A899CE9F59}.Release|Any CPU.Deploy.0 = Release|x64
		{3928C31D-E9AC-4498-86FC-E7A899CE9F59}.Release|ARM64.ActiveCfg = Release|ARM64
		{3928C31D-E9AC-4498-86FC-E7A899CE9F59}.Release|ARM64.Build.0 = Release|ARM64
		{3928C31D-E9AC-4498-86FC-E7A899CE9F59}.Release|ARM64.Deploy.0 = Release|ARM64
		{3928C31D-E9AC-4498-86FC-E7A899CE9F59}.Release|x64.ActiveCfg = Release|x64
		{3928C31D-E9AC-4498-86FC-E7A899CE9F59}.Release|x64.Build.0 = Release|x64
		{3928C31D-E9AC-4498-86FC-E7A899CE9F59}.Release|x64.Deploy.0 = Release|x64
		{3928C31D-E9AC-4498-86FC-E7A899CE9F59}.Release|x86.ActiveCfg = Release|x86
		{3928C31D-E9AC-4498-86FC-E7A899CE9F59}.Release|x86.Build.0 = Release|x86
		{3928C31D-E9AC-4498-86FC-E7A899CE9F59}.Release|x86.Deploy.0 = Release|x86
		{1A524037-5A23-4A58-9E30-24709C3B1851}.Debug|Any CPU.ActiveCfg = Debug|x64
		{1A524037-5A23-4A58-9E30-24709C3B1851}.Debug|Any CPU.Build.0 = Debug|x64
		{1A524037-5A23-4A58-9E30-24709C3B1851}.Debug|Any CPU.Deploy.0 = Debug|x64
		{1A524037-5A23-4A58-9E30-24709C3B1851}.Debug|ARM64.ActiveCfg = Debug|ARM64
		{1A524037-5A23-4A58-9E30-24709C3B1851}.Debug|ARM64.Build.0 = Debug|ARM64
		{1A524037-5A23-4A58-9E30-24709C3B1851}.Debug|ARM64.Deploy.0 = Debug|ARM64
		{1A524037-5A23-4A58-9E30-24709C3B1851}.Debug|x64.ActiveCfg = Debug|x64
		{1A524037-5A23-4A58-9E30-24709C3B1851}.Debug|x64.Build.0 = Debug|x64
		{1A524037-5A23-4A58-9E30-24709C3B1851}.Debug|x64.Deploy.0 = Debug|x64
		{1A524037-5A23-4A58-9E30-24709C3B1851}.Debug|x86.ActiveCfg = Debug|x86
		{1A524037-5A23-4A58-9E30-24709C3B1851}.Debug|x86.Build.0 = Debug|x86
		{1A524037-5A23-4A58-9E30-24709C3B1851}.Debug|x86.Deploy.0 = Debug|x86
		{1A524037-5A23-4A58-9E30-24709C3B1851}.Release|Any CPU.ActiveCfg = Release|x64
		{1A524037-5A23-4A58-9E30-24709C3B1851}.Release|Any CPU.Build.0 = Release|x64
		{1A524037-5A23-4A58-9E30-24709C3B1851}.Release|Any CPU.Deploy.0 = Release|x64
		{1A524037-5A23-4A58-9E30-24709C3B1851}.Release|ARM64.ActiveCfg = Release|ARM64
		{1A524037-5A23-4A58-9E30-24709C3B1851}.Release|ARM64.Build.0 = Release|ARM64
		{1A524037-5A23-4A58-9E30-24709C3B1851}.Release|ARM64.Deploy.0 = Release|ARM64
		{1A524037-5A23-4A58-9E30-24709C3B1851}.Release|x64.ActiveCfg = Release|x64
		{1A524037-5A23-4A58-9E30-24709C3B1851}.Release|x64.Build.0 = Release|x64
		{1A524037-5A23-4A58-9E30-24709C3B1851}.Release|x64.Deploy.0 = Release|x64
		{1A524037-5A23-4A58-9E30-24709C3B1851}.Release|x86.ActiveCfg = Release|x86
		{1A524037-5A23-4A58-9E30-24709C3B1851}.Release|x86.Build.0 = Release|x86
		{1A524037-5A23-4A58-9E30-24709C3B1851}.Release|x86.Deploy.0 = Release|x86
	EndGlobalSection
	GlobalSection(SolutionProperties) = preSolution
		HideSolutionNode = FALSE
	EndGlobalSection
	GlobalSection(ExtensibilityGlobals) = postSolution
		SolutionGuid = {C3AD4065-101A-4BE4-95B4-D48A8E14DAD4}
	EndGlobalSection
EndGlobal
